PODS:
  - Flutter (1.0.0)
  - onde_inference (1.0.2):
    - Flutter

DEPENDENCIES:
  - Flutter (from `Flutter`)
  - onde_inference (from `.symlinks/plugins/onde_inference/ios`)

EXTERNAL SOURCES:
  Flutter:
    :path: Flutter
  onde_inference:
    :path: ".symlinks/plugins/onde_inference/ios"

SPEC CHECKSUMS:
  Flutter: cabc95a1d2626b1b06e7179b784ebcf0c0cde467
  onde_inference: 4505ac5502105b6fe27d3865bf1568512c3f3b06

PODFILE CHECKSUM: 288656d4464589360115d6f81dd5d8f559352730

COCOAPODS: 1.17.0
