PODS:
  - FlutterMacOS (1.0.0)
  - onde_inference (0.1.0):
    - FlutterMacOS

DEPENDENCIES:
  - FlutterMacOS (from `Flutter/ephemeral`)
  - onde_inference (from `Flutter/ephemeral/.symlinks/plugins/onde_inference/macos`)

EXTERNAL SOURCES:
  FlutterMacOS:
    :path: Flutter/ephemeral
  onde_inference:
    :path: Flutter/ephemeral/.symlinks/plugins/onde_inference/macos

SPEC CHECKSUMS:
  FlutterMacOS: d0db08ddef1a9af05a5ec4b724367152bb0500b1
  onde_inference: c791e4b4f9e94363844a1bb3162334d9c5e34fcf

PODFILE CHECKSUM: 54d867c82ac51cbd61b565781b9fada492027009

COCOAPODS: 1.16.2
