PODS:
  - FlutterMacOS (1.0.0)
  - onde_inference (1.0.2):
    - FlutterMacOS

DEPENDENCIES:
  - FlutterMacOS (from `Flutter/ephemeral`)
  - onde_inference (from `Flutter/ephemeral/.symlinks/plugins/onde_inference/macos`)

EXTERNAL SOURCES:
  FlutterMacOS:
    :path: Flutter/ephemeral
  onde_inference:
    :path: Flutter/ephemeral/.symlinks/plugins/onde_inference/macos

SPEC CHECKSUMS:
  FlutterMacOS: d0db08ddef1a9af05a5ec4b724367152bb0500b1
  onde_inference: 519c88c8d75cea6504affb324f885050822a4d91

PODFILE CHECKSUM: 13edfb9e70ac3646927b8e6c9a212ad1d0fa29b2

COCOAPODS: 1.17.0
